Microsoft Visual Studio Solution File, Format Version 12.00
# Visual Studio Version 17
VisualStudioVersion = 17.0.31903.59
MinimumVisualStudioVersion = 10.0.40219.1
Project("{FAE04EC0-301F-11D3-BF4B-00C04F79EFBC}") = "ArteInFerro.Rapportini.Desktop", "ArteInFerro.Rapportini.Desktop\ArteInFerro.Rapportini.Desktop.csproj", "{18D43B3D-3D40-4C0E-9F85-E9DAB7AF38AA}"
EndProject
Global
	GlobalSection(SolutionConfigurationPlatforms) = preSolution
		Debug|Any CPU = Debug|Any CPU
		Release|Any CPU = Release|Any CPU
	EndGlobalSection
	GlobalSection(ProjectConfigurationPlatforms) = postSolution
		{18D43B3D-3D40-4C0E-9F85-E9DAB7AF38AA}.Debug|Any CPU.ActiveCfg = Debug|Any CPU
		{18D43B3D-3D40-4C0E-9F85-E9DAB7AF38AA}.Debug|Any CPU.Build.0 = Debug|Any CPU
		{18D43B3D-3D40-4C0E-9F85-E9DAB7AF38AA}.Release|Any CPU.ActiveCfg = Release|Any CPU
		{18D43B3D-3D40-4C0E-9F85-E9DAB7AF38AA}.Release|Any CPU.Build.0 = Release|Any CPU
	EndGlobalSection
EndGlobal
